
Microsoft Visual Studio Solution File, Format Version 12.00
# Visual Studio Version 16
VisualStudioVersion = 16.0.29709.97
MinimumVisualStudioVersion = 10.0.40219.1
Project("{FAE04EC0-301F-11D3-BF4B-00C04F79EFBC}") = "Upstart13.Weather.API", "Upstart13.Weather.API.csproj", "{4846278D-4B39-48A9-9DFB-236565AFA9DD}"
EndProject
Global
	GlobalSection(SolutionConfigurationPlatforms) = preSolution
		Debug|Any CPU = Debug|Any CPU
		Release|Any CPU = Release|Any CPU
	EndGlobalSection
	GlobalSection(ProjectConfigurationPlatforms) = postSolution
		{4846278D-4B39-48A9-9DFB-236565AFA9DD}.Debug|Any CPU.ActiveCfg = Debug|Any CPU
		{4846278D-4B39-48A9-9DFB-236565AFA9DD}.Debug|Any CPU.Build.0 = Debug|Any CPU
		{4846278D-4B39-48A9-9DFB-236565AFA9DD}.Release|Any CPU.ActiveCfg = Release|Any CPU
		{4846278D-4B39-48A9-9DFB-236565AFA9DD}.Release|Any CPU.Build.0 = Release|Any CPU
	EndGlobalSection
	GlobalSection(SolutionProperties) = preSolution
		HideSolutionNode = FALSE
	EndGlobalSection
	GlobalSection(ExtensibilityGlobals) = postSolution
		SolutionGuid = {8C7949DE-165B-4F54-A84A-67362B8C1364}
	EndGlobalSection
EndGlobal
